
Microsoft Visual Studio Solution File, Format Version 12.00
# Visual Studio Version 17
VisualStudioVersion = 17.9.34607.119
MinimumVisualStudioVersion = 10.0.40219.1
Project("{FAE04EC0-301F-11D3-BF4B-00C04F79EFBC}") = "Lesson11", "Lesson11\Lesson11.csproj", "{B6B437DC-5AF2-4980-A79D-A228F6C19178}"
EndProject
Global
	GlobalSection(SolutionConfigurationPlatforms) = preSolution
		Debug|Any CPU = Debug|Any CPU
		Release|Any CPU = Release|Any CPU
	EndGlobalSection
	GlobalSection(ProjectConfigurationPlatforms) = postSolution
		{B6B437DC-5AF2-4980-A79D-A228F6C19178}.Debug|Any CPU.ActiveCfg = Debug|Any CPU
		{B6B437DC-5AF2-4980-A79D-A228F6C19178}.Debug|Any CPU.Build.0 = Debug|Any CPU
		{B6B437DC-5AF2-4980-A79D-A228F6C19178}.Release|Any CPU.ActiveCfg = Release|Any CPU
		{B6B437DC-5AF2-4980-A79D-A228F6C19178}.Release|Any CPU.Build.0 = Release|Any CPU
	EndGlobalSection
	GlobalSection(SolutionProperties) = preSolution
		HideSolutionNode = FALSE
	EndGlobalSection
	GlobalSection(ExtensibilityGlobals) = postSolution
		SolutionGuid = {65642767-E3E5-4935-A86A-E673C3B1EB80}
	EndGlobalSection
EndGlobal
